
Microsoft Visual Studio Solution File, Format Version 12.00
# Visual Studio Version 17
VisualStudioVersion = 17.13.35919.96
MinimumVisualStudioVersion = 10.0.40219.1
Project("{FAE04EC0-301F-11D3-BF4B-00C04F79EFBC}") = "YellowBlossom.Application", "YellowBlossom.Application\YellowBlossom.Application.csproj", "{B71BD2C4-8AED-4D29-A8D5-59494D0AF585}"
EndProject
Project("{FAE04EC0-301F-11D3-BF4B-00C04F79EFBC}") = "YellowBlossom.Infrastructure", "YellowBlossom.Infrastructure\YellowBlossom.Infrastructure.csproj", "{E538BD7E-7756-4972-9B66-94D298E9D275}"
EndProject
Project("{FAE04EC0-301F-11D3-BF4B-00C04F79EFBC}") = "YellowBlossom.Domain", "YellowBlossom.Domain\YellowBlossom.Domain.csproj", "{7E202D7F-FF77-43E9-8F4C-058CA6988D50}"
EndProject
Project("{FAE04EC0-301F-11D3-BF4B-00C04F79EFBC}") = "YellowBlossom.Presentation", "YellowBlossom.Presentation\YellowBlossom.Presentation.csproj", "{EAAF5525-8D88-4FFA-8DFB-709D34EB67C2}"
EndProject
Project("{FAE04EC0-301F-11D3-BF4B-00C04F79EFBC}") = "YellowBlossom.Testing", "YellowBlossom.Testing\YellowBlossom.Testing.csproj", "{0EF9C012-E4B6-4397-8DA3-4F0E6BA4CD07}"
EndProject
Global
	GlobalSection(SolutionConfigurationPlatforms) = preSolution
		Debug|Any CPU = Debug|Any CPU
		Release|Any CPU = Release|Any CPU
	EndGlobalSection
	GlobalSection(ProjectConfigurationPlatforms) = postSolution
		{B71BD2C4-8AED-4D29-A8D5-59494D0AF585}.Debug|Any CPU.ActiveCfg = Debug|Any CPU
		{B71BD2C4-8AED-4D29-A8D5-59494D0AF585}.Debug|Any CPU.Build.0 = Debug|Any CPU
		{B71BD2C4-8AED-4D29-A8D5-59494D0AF585}.Release|Any CPU.ActiveCfg = Release|Any CPU
		{B71BD2C4-8AED-4D29-A8D5-59494D0AF585}.Release|Any CPU.Build.0 = Release|Any CPU
		{E538BD7E-7756-4972-9B66-94D298E9D275}.Debug|Any CPU.ActiveCfg = Debug|Any CPU
		{E538BD7E-7756-4972-9B66-94D298E9D275}.Debug|Any CPU.Build.0 = Debug|Any CPU
		{E538BD7E-7756-4972-9B66-94D298E9D275}.Release|Any CPU.ActiveCfg = Release|Any CPU
		{E538BD7E-7756-4972-9B66-94D298E9D275}.Release|Any CPU.Build.0 = Release|Any CPU
		{7E202D7F-FF77-43E9-8F4C-058CA6988D50}.Debug|Any CPU.ActiveCfg = Debug|Any CPU
		{7E202D7F-FF77-43E9-8F4C-058CA6988D50}.Debug|Any CPU.Build.0 = Debug|Any CPU
		{7E202D7F-FF77-43E9-8F4C-058CA6988D50}.Release|Any CPU.ActiveCfg = Release|Any CPU
		{7E202D7F-FF77-43E9-8F4C-058CA6988D50}.Release|Any CPU.Build.0 = Release|Any CPU
		{EAAF5525-8D88-4FFA-8DFB-709D34EB67C2}.Debug|Any CPU.ActiveCfg = Debug|Any CPU
		{EAAF5525-8D88-4FFA-8DFB-709D34EB67C2}.Debug|Any CPU.Build.0 = Debug|Any CPU
		{EAAF5525-8D88-4FFA-8DFB-709D34EB67C2}.Release|Any CPU.ActiveCfg = Release|Any CPU
		{EAAF5525-8D88-4FFA-8DFB-709D34EB67C2}.Release|Any CPU.Build.0 = Release|Any CPU
		{0EF9C012-E4B6-4397-8DA3-4F0E6BA4CD07}.Debug|Any CPU.ActiveCfg = Debug|Any CPU
		{0EF9C012-E4B6-4397-8DA3-4F0E6BA4CD07}.Debug|Any CPU.Build.0 = Debug|Any CPU
		{0EF9C012-E4B6-4397-8DA3-4F0E6BA4CD07}.Release|Any CPU.ActiveCfg = Release|Any CPU
		{0EF9C012-E4B6-4397-8DA3-4F0E6BA4CD07}.Release|Any CPU.Build.0 = Release|Any CPU
	EndGlobalSection
	GlobalSection(SolutionProperties) = preSolution
		HideSolutionNode = FALSE
	EndGlobalSection
	GlobalSection(ExtensibilityGlobals) = postSolution
		SolutionGuid = {14E2644C-EDB8-429D-8E67-4892C7F5E453}
	EndGlobalSection
EndGlobal
